
Microsoft Visual Studio Solution File, Format Version 12.00
# Visual Studio Version 17
VisualStudioVersion = 17.10.35027.167
MinimumVisualStudioVersion = 10.0.40219.1
Project("{9A19103F-16F7-4668-BE54-9A1E7A4F7556}") = "OscQueryLibrary", "OscQueryLibrary\OscQueryLibrary.csproj", "{97D14B1D-5B05-4BFE-8A1F-696726222EE4}"
EndProject
Project("{9A19103F-16F7-4668-BE54-9A1E7A4F7556}") = "OscQueryExample", "OscQueryExample\OscQueryExample.csproj", "{D2031106-E46C-40F1-9129-10090036FF0E}"
EndProject
Global
	GlobalSection(SolutionConfigurationPlatforms) = preSolution
		Debug|Any CPU = Debug|Any CPU
		Release|Any CPU = Release|Any CPU
	EndGlobalSection
	GlobalSection(ProjectConfigurationPlatforms) = postSolution
		{97D14B1D-5B05-4BFE-8A1F-696726222EE4}.Debug|Any CPU.ActiveCfg = Debug|Any CPU
		{97D14B1D-5B05-4BFE-8A1F-696726222EE4}.Debug|Any CPU.Build.0 = Debug|Any CPU
		{97D14B1D-5B05-4BFE-8A1F-696726222EE4}.Release|Any CPU.ActiveCfg = Release|Any CPU
		{97D14B1D-5B05-4BFE-8A1F-696726222EE4}.Release|Any CPU.Build.0 = Release|Any CPU
		{D2031106-E46C-40F1-9129-10090036FF0E}.Debug|Any CPU.ActiveCfg = Debug|Any CPU
		{D2031106-E46C-40F1-9129-10090036FF0E}.Debug|Any CPU.Build.0 = Debug|Any CPU
		{D2031106-E46C-40F1-9129-10090036FF0E}.Release|Any CPU.ActiveCfg = Release|Any CPU
		{D2031106-E46C-40F1-9129-10090036FF0E}.Release|Any CPU.Build.0 = Release|Any CPU
	EndGlobalSection
	GlobalSection(SolutionProperties) = preSolution
		HideSolutionNode = FALSE
	EndGlobalSection
EndGlobal
