
Microsoft Visual Studio Solution File, Format Version 12.00
Project("{FAE04EC0-301F-11D3-BF4B-00C04F79EFBC}") = "OscQueryLibrary", "OscQueryLibrary\OscQueryLibrary.csproj", "{97D14B1D-5B05-4BFE-8A1F-696726222EE4}"
EndProject
Project("{FAE04EC0-301F-11D3-BF4B-00C04F79EFBC}") = "OscQueryExample", "OscQueryExample\OscQueryExample.csproj", "{D2031106-E46C-40F1-9129-10090036FF0E}"
EndProject
Project("{FAE04EC0-301F-11D3-BF4B-00C04F79EFBC}") = "CoreOSC", "CoreOSC-UTF8-ASYNC\CoreOSC\CoreOSC.csproj", "{3FC4969D-B3AB-43C4-8362-169E7867E2B8}"
EndProject
Global
	GlobalSection(SolutionConfigurationPlatforms) = preSolution
		Debug|Any CPU = Debug|Any CPU
		Release|Any CPU = Release|Any CPU
	EndGlobalSection
	GlobalSection(ProjectConfigurationPlatforms) = postSolution
		{97D14B1D-5B05-4BFE-8A1F-696726222EE4}.Debug|Any CPU.ActiveCfg = Debug|Any CPU
		{97D14B1D-5B05-4BFE-8A1F-696726222EE4}.Debug|Any CPU.Build.0 = Debug|Any CPU
		{97D14B1D-5B05-4BFE-8A1F-696726222EE4}.Release|Any CPU.ActiveCfg = Release|Any CPU
		{97D14B1D-5B05-4BFE-8A1F-696726222EE4}.Release|Any CPU.Build.0 = Release|Any CPU
		{D2031106-E46C-40F1-9129-10090036FF0E}.Debug|Any CPU.ActiveCfg = Debug|Any CPU
		{D2031106-E46C-40F1-9129-10090036FF0E}.Debug|Any CPU.Build.0 = Debug|Any CPU
		{D2031106-E46C-40F1-9129-10090036FF0E}.Release|Any CPU.ActiveCfg = Release|Any CPU
		{D2031106-E46C-40F1-9129-10090036FF0E}.Release|Any CPU.Build.0 = Release|Any CPU
		{3FC4969D-B3AB-43C4-8362-169E7867E2B8}.Debug|Any CPU.ActiveCfg = Debug|Any CPU
		{3FC4969D-B3AB-43C4-8362-169E7867E2B8}.Debug|Any CPU.Build.0 = Debug|Any CPU
		{3FC4969D-B3AB-43C4-8362-169E7867E2B8}.Release|Any CPU.ActiveCfg = Release|Any CPU
		{3FC4969D-B3AB-43C4-8362-169E7867E2B8}.Release|Any CPU.Build.0 = Release|Any CPU
	EndGlobalSection
EndGlobal
